
Microsoft Visual Studio Solution File, Format Version 12.00
# Visual Studio Version 16
VisualStudioVersion = 16.0.30320.27
MinimumVisualStudioVersion = 10.0.40219.1
Project("{9A19103F-16F7-4668-BE54-9A1E7A4F7556}") = "Luup.MqttBridge", "Luup.MqttBridge\Luup.MqttBridge.csproj", "{A9DB193E-CF67-482B-9A38-A07F4D99C2EA}"
EndProject
Project("{2150E333-8FDC-42A3-9474-1A3956D46DE8}") = "Solution Items", "Solution Items", "{D9632D8D-8BB0-4B68-B3BE-74D0D48366CC}"
	ProjectSection(SolutionItems) = preProject
		.editorconfig = .editorconfig
		README.md = README.md
	EndProjectSection
EndProject
Global
	GlobalSection(SolutionConfigurationPlatforms) = preSolution
		Debug|Any CPU = Debug|Any CPU
		Release|Any CPU = Release|Any CPU
	EndGlobalSection
	GlobalSection(ProjectConfigurationPlatforms) = postSolution
		{A9DB193E-CF67-482B-9A38-A07F4D99C2EA}.Debug|Any CPU.ActiveCfg = Debug|Any CPU
		{A9DB193E-CF67-482B-9A38-A07F4D99C2EA}.Debug|Any CPU.Build.0 = Debug|Any CPU
		{A9DB193E-CF67-482B-9A38-A07F4D99C2EA}.Release|Any CPU.ActiveCfg = Release|Any CPU
		{A9DB193E-CF67-482B-9A38-A07F4D99C2EA}.Release|Any CPU.Build.0 = Release|Any CPU
	EndGlobalSection
	GlobalSection(SolutionProperties) = preSolution
		HideSolutionNode = FALSE
	EndGlobalSection
	GlobalSection(ExtensibilityGlobals) = postSolution
		SolutionGuid = {B253500D-0B5A-42A0-9BEB-0EBFE241368C}
	EndGlobalSection
EndGlobal
